// !$*UTF8*$!
{
	archiveVersion = 1;
	classes = {
	};
	objectVersion = 56;
	objects = {

/* Begin PBXBuildFile section */
		782104C7296E31520007B27F /* Project7_100daysApp.swift in Sources */ = {isa = PBXBuildFile; fileRef = 782104C6296E31520007B27F /* Project7_100daysApp.swift */; };
		782104C9296E31520007B27F /* ContentView.swift in Sources */ = {isa = PBXBuildFile; fileRef = 782104C8296E31520007B27F /* ContentView.swift */; };
		782104CB296E31540007B27F /* Assets.xcassets in Resources */ = {isa = PBXBuildFile; fileRef = 782104CA296E31540007B27F /* Assets.xcassets */; };
		782104CE296E31540007B27F /* Preview Assets.xcassets in Resources */ = {isa = PBXBuildFile; fileRef = 782104CD296E31540007B27F /* Preview Assets.xcassets */; };
		782104D8296E31540007B27F /* Project7_100daysTests.swift in Sources */ = {isa = PBXBuildFile; fileRef = 782104D7296E31540007B27F /* Project7_100daysTests.swift */; };
		782104E2296E31540007B27F /* Project7_100daysUITests.swift in Sources */ = {isa = PBXBuildFile; fileRef = 782104E1296E31540007B27F /* Project7_100daysUITests.swift */; };
		782104E4296E31540007B27F /* Project7_100daysUITestsLaunchTests.swift in Sources */ = {isa = PBXBuildFile; fileRef = 782104E3296E31540007B27F /* Project7_100daysUITestsLaunchTests.swift */; };
/* End PBXBuildFile section */

/* Begin PBXContainerItemProxy section */
		782104D4296E31540007B27F /* PBXContainerItemProxy */ = {
			isa = PBXContainerItemProxy;
			containerPortal = 782104BB296E31520007B27F /* Project object */;
			proxyType = 1;
			remoteGlobalIDString = 782104C2296E31520007B27F;
			remoteInfo = Project7_100days;
		};
		782104DE296E31540007B27F /* PBXContainerItemProxy */ = {
			isa = PBXContainerItemProxy;
			containerPortal = 782104BB296E31520007B27F /* Project object */;
			proxyType = 1;
			remoteGlobalIDString = 782104C2296E31520007B27F;
			remoteInfo = Project7_100days;
		};
/* End PBXContainerItemProxy section */

/* Begin PBXFileReference section */
		782104C3296E31520007B27F /* Project7_100days.app */ = {isa = PBXFileReference; explicitFileType = wrapper.application; includeInIndex = 0; path = Project7_100days.app; sourceTree = BUILT_PRODUCTS_DIR; };
		782104C6296E31520007B27F /* Project7_100daysApp.swift */ = {isa = PBXFileReference; lastKnownFileType = sourcecode.swift; path = Project7_100daysApp.swift; sourceTree = "<group>"; };
		782104C8296E31520007B27F /* ContentView.swift */ = {isa = PBXFileReference; lastKnownFileType = sourcecode.swift; path = ContentView.swift; sourceTree = "<group>"; };
		782104CA296E31540007B27F /* Assets.xcassets */ = {isa = PBXFileReference; lastKnownFileType = folder.assetcatalog; path = Assets.xcassets; sourceTree = "<group>"; };
		782104CD296E31540007B27F /* Preview Assets.xcassets */ = {isa = PBXFileReference; lastKnownFileType = folder.assetcatalog; path = "Preview Assets.xcassets"; sourceTree = "<group>"; };
		782104D3296E31540007B27F /* Project7_100daysTests.xctest */ = {isa = PBXFileReference; explicitFileType = wrapper.cfbundle; includeInIndex = 0; path = Project7_100daysTests.xctest; sourceTree = BUILT_PRODUCTS_DIR; };
		782104D7296E31540007B27F /* Project7_100daysTests.swift */ = {isa = PBXFileReference; lastKnownFileType = sourcecode.swift; path = Project7_100daysTests.swift; sourceTree = "<group>"; };
		782104DD296E31540007B27F /* Project7_100daysUITests.xctest */ = {isa = PBXFileReference; explicitFileType = wrapper.cfbundle; includeInIndex = 0; path = Project7_100daysUITests.xctest; sourceTree = BUILT_PRODUCTS_DIR; };
		782104E1296E31540007B27F /* Project7_100daysUITests.swift */ = {isa = PBXFileReference; lastKnownFileType = sourcecode.swift; path = Project7_100daysUITests.swift; sourceTree = "<group>"; };
		782104E3296E31540007B27F /* Project7_100daysUITestsLaunchTests.swift */ = {isa = PBXFileReference; lastKnownFileType = sourcecode.swift; path = Project7_100daysUITestsLaunchTests.swift; sourceTree = "<group>"; };
/* End PBXFileReference section */

/* Begin PBXFrameworksBuildPhase section */
		782104C0296E31520007B27F /* Frameworks */ = {
			isa = PBXFrameworksBuildPhase;
			buildActionMask = 2147483647;
			files = (
			);
			runOnlyForDeploymentPostprocessing = 0;
		};
		782104D0296E31540007B27F /* Frameworks */ = {
			isa = PBXFrameworksBuildPhase;
			buildActionMask = 2147483647;
			files = (
			);
			runOnlyForDeploymentPostprocessing = 0;
		};
		782104DA296E31540007B27F /* Frameworks */ = {
			isa = PBXFrameworksBuildPhase;
			buildActionMask = 2147483647;
			files = (
			);
			runOnlyForDeploymentPostprocessing = 0;
		};
/* End PBXFrameworksBuildPhase section */

/* Begin PBXGroup section */
		782104BA296E31520007B27F = {
			isa = PBXGroup;
			children = (
				782104C5296E31520007B27F /* Project7_100days */,
				782104D6296E31540007B27F /* Project7_100daysTests */,
				782104E0296E31540007B27F /* Project7_100daysUITests */,
				782104C4296E31520007B27F /* Products */,
			);
			sourceTree = "<group>";
		};
		782104C4296E31520007B27F /* Products */ = {
			isa = PBXGroup;
			children = (
				782104C3296E31520007B27F /* Project7_100days.app */,
				782104D3296E31540007B27F /* Project7_100daysTests.xctest */,
				782104DD296E31540007B27F /* Project7_100daysUITests.xctest */,
			);
			name = Products;
			sourceTree = "<group>";
		};
		782104C5296E31520007B27F /* Project7_100days */ = {
			isa = PBXGroup;
			children = (
				782104C6296E31520007B27F /* Project7_100daysApp.swift */,
				782104C8296E31520007B27F /* ContentView.swift */,
				782104CA296E31540007B27F /* Assets.xcassets */,
				782104CC296E31540007B27F /* Preview Content */,
			);
			path = Project7_100days;
			sourceTree = "<group>";
		};
		782104CC296E31540007B27F /* Preview Content */ = {
			isa = PBXGroup;
			children = (
				782104CD296E31540007B27F /* Preview Assets.xcassets */,
			);
			path = "Preview Content";
			sourceTree = "<group>";
		};
		782104D6296E31540007B27F /* Project7_100daysTests */ = {
			isa = PBXGroup;
			children = (
				782104D7296E31540007B27F /* Project7_100daysTests.swift */,
			);
			path = Project7_100daysTests;
			sourceTree = "<group>";
		};
		782104E0296E31540007B27F /* Project7_100daysUITests */ = {
			isa = PBXGroup;
			children = (
				782104E1296E31540007B27F /* Project7_100daysUITests.swift */,
				782104E3296E31540007B27F /* Project7_100daysUITestsLaunchTests.swift */,
			);
			path = Project7_100daysUITests;
			sourceTree = "<group>";
		};
/* End PBXGroup section */

/* Begin PBXNativeTarget section */
		782104C2296E31520007B27F /* Project7_100days */ = {
			isa = PBXNativeTarget;
			buildConfigurationList = 782104E7296E31540007B27F /* Build configuration list for PBXNativeTarget "Project7_100days" */;
			buildPhases = (
				782104BF296E31520007B27F /* Sources */,
				782104C0296E31520007B27F /* Frameworks */,
				782104C1296E31520007B27F /* Resources */,
			);
			buildRules = (
			);
			dependencies = (
			);
			name = Project7_100days;
			productName = Project7_100days;
			productReference = 782104C3296E31520007B27F /* Project7_100days.app */;
			productType = "com.apple.product-type.application";
		};
		782104D2296E31540007B27F /* Project7_100daysTests */ = {
			isa = PBXNativeTarget;
			buildConfigurationList = 782104EA296E31540007B27F /* Build configuration list for PBXNativeTarget "Project7_100daysTests" */;
			buildPhases = (
				782104CF296E31540007B27F /* Sources */,
				782104D0296E31540007B27F /* Frameworks */,
				782104D1296E31540007B27F /* Resources */,
			);
			buildRules = (
			);
			dependencies = (
				782104D5296E31540007B27F /* PBXTargetDependency */,
			);
			name = Project7_100daysTests;
			productName = Project7_100daysTests;
			productReference = 782104D3296E31540007B27F /* Project7_100daysTests.xctest */;
			productType = "com.apple.product-type.bundle.unit-test";
		};
		782104DC296E31540007B27F /* Project7_100daysUITests */ = {
			isa = PBXNativeTarget;
			buildConfigurationList = 782104ED296E31540007B27F /* Build configuration list for PBXNativeTarget "Project7_100daysUITests" */;
			buildPhases = (
				782104D9296E31540007B27F /* Sources */,
				782104DA296E31540007B27F /* Frameworks */,
				782104DB296E31540007B27F /* Resources */,
			);
			buildRules = (
			);
			dependencies = (
				782104DF296E31540007B27F /* PBXTargetDependency */,
			);
			name = Project7_100daysUITests;
			productName = Project7_100daysUITests;
			productReference = 782104DD296E31540007B27F /* Project7_100daysUITests.xctest */;
			productType = "com.apple.product-type.bundle.ui-testing";
		};
/* End PBXNativeTarget section */

/* Begin PBXProject section */
		782104BB296E31520007B27F /* Project object */ = {
			isa = PBXProject;
			attributes = {
				BuildIndependentTargetsInParallel = 1;
				LastSwiftUpdateCheck = 1410;
				LastUpgradeCheck = 1410;
				TargetAttributes = {
					782104C2296E31520007B27F = {
						CreatedOnToolsVersion = 14.1;
					};
					782104D2296E31540007B27F = {
						CreatedOnToolsVersion = 14.1;
						TestTargetID = 782104C2296E31520007B27F;
					};
					782104DC296E31540007B27F = {
						CreatedOnToolsVersion = 14.1;
						TestTargetID = 782104C2296E31520007B27F;
					};
				};
			};
			buildConfigurationList = 782104BE296E31520007B27F /* Build configuration list for PBXProject "Project7_100days" */;
			compatibilityVersion = "Xcode 14.0";
			developmentRegion = en;
			hasScannedForEncodings = 0;
			knownRegions = (
				en,
				Base,
			);
			mainGroup = 782104BA296E31520007B27F;
			productRefGroup = 782104C4296E31520007B27F /* Products */;
			projectDirPath = "";
			projectRoot = "";
			targets = (
				782104C2296E31520007B27F /* Project7_100days */,
				782104D2296E31540007B27F /* Project7_100daysTests */,
				782104DC296E31540007B27F /* Project7_100daysUITests */,
			);
		};
/* End PBXProject section */

/* Begin PBXResourcesBuildPhase section */
		782104C1296E31520007B27F /* Resources */ = {
			isa = PBXResourcesBuildPhase;
			buildActionMask = 2147483647;
			files = (
				782104CE296E31540007B27F /* Preview Assets.xcassets in Resources */,
				782104CB296E31540007B27F /* Assets.xcassets in Resources */,
			);
			runOnlyForDeploymentPostprocessing = 0;
		};
		782104D1296E31540007B27F /* Resources */ = {
			isa = PBXResourcesBuildPhase;
			buildActionMask = 2147483647;
			files = (
			);
			runOnlyForDeploymentPostprocessing = 0;
		};
		782104DB296E31540007B27F /* Resources */ = {
			isa = PBXResourcesBuildPhase;
			buildActionMask = 2147483647;
			files = (
			);
			runOnlyForDeploymentPostprocessing = 0;
		};
/* End PBXResourcesBuildPhase section */

/* Begin PBXSourcesBuildPhase section */
		782104BF296E31520007B27F /* Sources */ = {
			isa = PBXSourcesBuildPhase;
			buildActionMask = 2147483647;
			files = (
				782104C9296E31520007B27F /* ContentView.swift in Sources */,
				782104C7296E31520007B27F /* Project7_100daysApp.swift in Sources */,
			);
			runOnlyForDeploymentPostprocessing = 0;
		};
		782104CF296E31540007B27F /* Sources */ = {
			isa = PBXSourcesBuildPhase;
			buildActionMask = 2147483647;
			files = (
				782104D8296E31540007B27F /* Project7_100daysTests.swift in Sources */,
			);
			runOnlyForDeploymentPostprocessing = 0;
		};
		782104D9296E31540007B27F /* Sources */ = {
			isa = PBXSourcesBuildPhase;
			buildActionMask = 2147483647;
			files = (
				782104E2296E31540007B27F /* Project7_100daysUITests.swift in Sources */,
				782104E4296E31540007B27F /* Project7_100daysUITestsLaunchTests.swift in Sources */,
			);
			runOnlyForDeploymentPostprocessing = 0;
		};
/* End PBXSourcesBuildPhase section */

/* Begin PBXTargetDependency section */
		782104D5296E31540007B27F /* PBXTargetDependency */ = {
			isa = PBXTargetDependency;
			target = 782104C2296E31520007B27F /* Project7_100days */;
			targetProxy = 782104D4296E31540007B27F /* PBXContainerItemProxy */;
		};
		782104DF296E31540007B27F /* PBXTargetDependency */ = {
			isa = PBXTargetDependency;
			target = 782104C2296E31520007B27F /* Project7_100days */;
			targetProxy = 782104DE296E31540007B27F /* PBXContainerItemProxy */;
		};
/* End PBXTargetDependency section */

/* Begin XCBuildConfiguration section */
		782104E5296E31540007B27F /* Debug */ = {
			isa = XCBuildConfiguration;
			buildSettings = {
				ALWAYS_SEARCH_USER_PATHS = NO;
				CLANG_ANALYZER_NONNULL = YES;
				CLANG_ANALYZER_NUMBER_OBJECT_CONVERSION = YES_AGGRESSIVE;
				CLANG_CXX_LANGUAGE_STANDARD = "gnu++20";
				CLANG_ENABLE_MODULES = YES;
				CLANG_ENABLE_OBJC_ARC = YES;
				CLANG_ENABLE_OBJC_WEAK = YES;
				CLANG_WARN_BLOCK_CAPTURE_AUTORELEASING = YES;
				CLANG_WARN_BOOL_CONVERSION = YES;
				CLANG_WARN_COMMA = YES;
				CLANG_WARN_CONSTANT_CONVERSION = YES;
				CLANG_WARN_DEPRECATED_OBJC_IMPLEMENTATIONS = YES;
				CLANG_WARN_DIRECT_OBJC_ISA_USAGE = YES_ERROR;
				CLANG_WARN_DOCUMENTATION_COMMENTS = YES;
				CLANG_WARN_EMPTY_BODY = YES;
				CLANG_WARN_ENUM_CONVERSION = YES;
				CLANG_WARN_INFINITE_RECURSION = YES;
				CLANG_WARN_INT_CONVERSION = YES;
				CLANG_WARN_NON_LITERAL_NULL_CONVERSION = YES;
				CLANG_WARN_OBJC_IMPLICIT_RETAIN_SELF = YES;
				CLANG_WARN_OBJC_LITERAL_CONVERSION = YES;
				CLANG_WARN_OBJC_ROOT_CLASS = YES_ERROR;
				CLANG_WARN_QUOTED_INCLUDE_IN_FRAMEWORK_HEADER = YES;
				CLANG_WARN_RANGE_LOOP_ANALYSIS = YES;
				CLANG_WARN_STRICT_PROTOTYPES = YES;
				CLANG_WARN_SUSPICIOUS_MOVE = YES;
				CLANG_WARN_UNGUARDED_AVAILABILITY = YES_AGGRESSIVE;
				CLANG_WARN_UNREACHABLE_CODE = YES;
				CLANG_WARN__DUPLICATE_METHOD_MATCH = YES;
				COPY_PHASE_STRIP = NO;
				DEBUG_INFORMATION_FORMAT = dwarf;
				ENABLE_STRICT_OBJC_MSGSEND = YES;
				ENABLE_TESTABILITY = YES;
				GCC_C_LANGUAGE_STANDARD = gnu11;
				GCC_DYNAMIC_NO_PIC = NO;
				GCC_NO_COMMON_BLOCKS = YES;
				GCC_OPTIMIZATION_LEVEL = 0;
				GCC_PREPROCESSOR_DEFINITIONS = (
					"DEBUG=1",
					"$(inherited)",
				);
				GCC_WARN_64_TO_32_BIT_CONVERSION = YES;
				GCC_WARN_ABOUT_RETURN_TYPE = YES_ERROR;
				GCC_WARN_UNDECLARED_SELECTOR = YES;
				GCC_WARN_UNINITIALIZED_AUTOS = YES_AGGRESSIVE;
				GCC_WARN_UNUSED_FUNCTION = YES;
				GCC_WARN_UNUSED_VARIABLE = YES;
				IPHONEOS_DEPLOYMENT_TARGET = 16.1;
				MTL_ENABLE_DEBUG_INFO = INCLUDE_SOURCE;
				MTL_FAST_MATH = YES;
				ONLY_ACTIVE_ARCH = YES;
				SDKROOT = iphoneos;
				SWIFT_ACTIVE_COMPILATION_CONDITIONS = DEBUG;
				SWIFT_OPTIMIZATION_LEVEL = "-Onone";
			};
			name = Debug;
		};
		782104E6296E31540007B27F /* Release */ = {
			isa = XCBuildConfiguration;
			buildSettings = {
				ALWAYS_SEARCH_USER_PATHS = NO;
				CLANG_ANALYZER_NONNULL = YES;
				CLANG_ANALYZER_NUMBER_OBJECT_CONVERSION = YES_AGGRESSIVE;
				CLANG_CXX_LANGUAGE_STANDARD = "gnu++20";
				CLANG_ENABLE_MODULES = YES;
				CLANG_ENABLE_OBJC_ARC = YES;
				CLANG_ENABLE_OBJC_WEAK = YES;
				CLANG_WARN_BLOCK_CAPTURE_AUTORELEASING = YES;
				CLANG_WARN_BOOL_CONVERSION = YES;
				CLANG_WARN_COMMA = YES;
				CLANG_WARN_CONSTANT_CONVERSION = YES;
				CLANG_WARN_DEPRECATED_OBJC_IMPLEMENTATIONS = YES;
				CLANG_WARN_DIRECT_OBJC_ISA_USAGE = YES_ERROR;
				CLANG_WARN_DOCUMENTATION_COMMENTS = YES;
				CLANG_WARN_EMPTY_BODY = YES;
				CLANG_WARN_ENUM_CONVERSION = YES;
				CLANG_WARN_INFINITE_RECURSION = YES;
				CLANG_WARN_INT_CONVERSION = YES;
				CLANG_WARN_NON_LITERAL_NULL_CONVERSION = YES;
				CLANG_WARN_OBJC_IMPLICIT_RETAIN_SELF = YES;
				CLANG_WARN_OBJC_LITERAL_CONVERSION = YES;
				CLANG_WARN_OBJC_ROOT_CLASS = YES_ERROR;
				CLANG_WARN_QUOTED_INCLUDE_IN_FRAMEWORK_HEADER = YES;
				CLANG_WARN_RANGE_LOOP_ANALYSIS = YES;
				CLANG_WARN_STRICT_PROTOTYPES = YES;
				CLANG_WARN_SUSPICIOUS_MOVE = YES;
				CLANG_WARN_UNGUARDED_AVAILABILITY = YES_AGGRESSIVE;
				CLANG_WARN_UNREACHABLE_CODE = YES;
				CLANG_WARN__DUPLICATE_METHOD_MATCH = YES;
				COPY_PHASE_STRIP = NO;
				DEBUG_INFORMATION_FORMAT = "dwarf-with-dsym";
				ENABLE_NS_ASSERTIONS = NO;
				ENABLE_STRICT_OBJC_MSGSEND = YES;
				GCC_C_LANGUAGE_STANDARD = gnu11;
				GCC_NO_COMMON_BLOCKS = YES;
				GCC_WARN_64_TO_32_BIT_CONVERSION = YES;
				GCC_WARN_ABOUT_RETURN_TYPE = YES_ERROR;
				GCC_WARN_UNDECLARED_SELECTOR = YES;
				GCC_WARN_UNINITIALIZED_AUTOS = YES_AGGRESSIVE;
				GCC_WARN_UNUSED_FUNCTION = YES;
				GCC_WARN_UNUSED_VARIABLE = YES;
				IPHONEOS_DEPLOYMENT_TARGET = 16.1;
				MTL_ENABLE_DEBUG_INFO = NO;
				MTL_FAST_MATH = YES;
				SDKROOT = iphoneos;
				SWIFT_COMPILATION_MODE = wholemodule;
				SWIFT_OPTIMIZATION_LEVEL = "-O";
				VALIDATE_PRODUCT = YES;
			};
			name = Release;
		};
		782104E8296E31540007B27F /* Debug */ = {
			isa = XCBuildConfiguration;
			buildSettings = {
				ASSETCATALOG_COMPILER_APPICON_NAME = AppIcon;
				ASSETCATALOG_COMPILER_GLOBAL_ACCENT_COLOR_NAME = AccentColor;
				CODE_SIGN_STYLE = Automatic;
				CURRENT_PROJECT_VERSION = 1;
				DEVELOPMENT_ASSET_PATHS = "\"Project7_100days/Preview Content\"";
				ENABLE_PREVIEWS = YES;
				GENERATE_INFOPLIST_FILE = YES;
				INFOPLIST_KEY_UIApplicationSceneManifest_Generation = YES;
				INFOPLIST_KEY_UIApplicationSupportsIndirectInputEvents = YES;
				INFOPLIST_KEY_UILaunchScreen_Generation = YES;
				INFOPLIST_KEY_UISupportedInterfaceOrientations_iPad = "UIInterfaceOrientationPortrait UIInterfaceOrientationPortraitUpsideDown UIInterfaceOrientationLandscapeLeft UIInterfaceOrientationLandscapeRight";
				INFOPLIST_KEY_UISupportedInterfaceOrientations_iPhone = "UIInterfaceOrientationPortrait UIInterfaceOrientationLandscapeLeft UIInterfaceOrientationLandscapeRight";
				LD_RUNPATH_SEARCH_PATHS = (
					"$(inherited)",
					"@executable_path/Frameworks",
				);
				MARKETING_VERSION = 1.0;
				PRODUCT_BUNDLE_IDENTIFIER = "example.com.Project7-100days";
				PRODUCT_NAME = "$(TARGET_NAME)";
				SWIFT_EMIT_LOC_STRINGS = YES;
				SWIFT_VERSION = 5.0;
				TARGETED_DEVICE_FAMILY = "1,2";
			};
			name = Debug;
		};
		782104E9296E31540007B27F /* Release */ = {
			isa = XCBuildConfiguration;
			buildSettings = {
				ASSETCATALOG_COMPILER_APPICON_NAME = AppIcon;
				ASSETCATALOG_COMPILER_GLOBAL_ACCENT_COLOR_NAME = AccentColor;
				CODE_SIGN_STYLE = Automatic;
				CURRENT_PROJECT_VERSION = 1;
				DEVELOPMENT_ASSET_PATHS = "\"Project7_100days/Preview Content\"";
				ENABLE_PREVIEWS = YES;
				GENERATE_INFOPLIST_FILE = YES;
				INFOPLIST_KEY_UIApplicationSceneManifest_Generation = YES;
				INFOPLIST_KEY_UIApplicationSupportsIndirectInputEvents = YES;
				INFOPLIST_KEY_UILaunchScreen_Generation = YES;
				INFOPLIST_KEY_UISupportedInterfaceOrientations_iPad = "UIInterfaceOrientationPortrait UIInterfaceOrientationPortraitUpsideDown UIInterfaceOrientationLandscapeLeft UIInterfaceOrientationLandscapeRight";
				INFOPLIST_KEY_UISupportedInterfaceOrientations_iPhone = "UIInterfaceOrientationPortrait UIInterfaceOrientationLandscapeLeft UIInterfaceOrientationLandscapeRight";
				LD_RUNPATH_SEARCH_PATHS = (
					"$(inherited)",
					"@executable_path/Frameworks",
				);
				MARKETING_VERSION = 1.0;
				PRODUCT_BUNDLE_IDENTIFIER = "example.com.Project7-100days";
				PRODUCT_NAME = "$(TARGET_NAME)";
				SWIFT_EMIT_LOC_STRINGS = YES;
				SWIFT_VERSION = 5.0;
				TARGETED_DEVICE_FAMILY = "1,2";
			};
			name = Release;
		};
		782104EB296E31540007B27F /* Debug */ = {
			isa = XCBuildConfiguration;
			buildSettings = {
				ALWAYS_EMBED_SWIFT_STANDARD_LIBRARIES = YES;
				BUNDLE_LOADER = "$(TEST_HOST)";
				CODE_SIGN_STYLE = Automatic;
				CURRENT_PROJECT_VERSION = 1;
				GENERATE_INFOPLIST_FILE = YES;
				IPHONEOS_DEPLOYMENT_TARGET = 16.1;
				MARKETING_VERSION = 1.0;
				PRODUCT_BUNDLE_IDENTIFIER = "example.com.Project7-100daysTests";
				PRODUCT_NAME = "$(TARGET_NAME)";
				SWIFT_EMIT_LOC_STRINGS = NO;
				SWIFT_VERSION = 5.0;
				TARGETED_DEVICE_FAMILY = "1,2";
				TEST_HOST = "$(BUILT_PRODUCTS_DIR)/Project7_100days.app/$(BUNDLE_EXECUTABLE_FOLDER_PATH)/Project7_100days";
			};
			name = Debug;
		};
		782104EC296E31540007B27F /* Release */ = {
			isa = XCBuildConfiguration;
			buildSettings = {
				ALWAYS_EMBED_SWIFT_STANDARD_LIBRARIES = YES;
				BUNDLE_LOADER = "$(TEST_HOST)";
				CODE_SIGN_STYLE = Automatic;
				CURRENT_PROJECT_VERSION = 1;
				GENERATE_INFOPLIST_FILE = YES;
				IPHONEOS_DEPLOYMENT_TARGET = 16.1;
				MARKETING_VERSION = 1.0;
				PRODUCT_BUNDLE_IDENTIFIER = "example.com.Project7-100daysTests";
				PRODUCT_NAME = "$(TARGET_NAME)";
				SWIFT_EMIT_LOC_STRINGS = NO;
				SWIFT_VERSION = 5.0;
				TARGETED_DEVICE_FAMILY = "1,2";
				TEST_HOST = "$(BUILT_PRODUCTS_DIR)/Project7_100days.app/$(BUNDLE_EXECUTABLE_FOLDER_PATH)/Project7_100days";
			};
			name = Release;
		};
		782104EE296E31540007B27F /* Debug */ = {
			isa = XCBuildConfiguration;
			buildSettings = {
				ALWAYS_EMBED_SWIFT_STANDARD_LIBRARIES = YES;
				CODE_SIGN_STYLE = Automatic;
				CURRENT_PROJECT_VERSION = 1;
				GENERATE_INFOPLIST_FILE = YES;
				MARKETING_VERSION = 1.0;
				PRODUCT_BUNDLE_IDENTIFIER = "example.com.Project7-100daysUITests";
				PRODUCT_NAME = "$(TARGET_NAME)";
				SWIFT_EMIT_LOC_STRINGS = NO;
				SWIFT_VERSION = 5.0;
				TARGETED_DEVICE_FAMILY = "1,2";
				TEST_TARGET_NAME = Project7_100days;
			};
			name = Debug;
		};
		782104EF296E31540007B27F /* Release */ = {
			isa = XCBuildConfiguration;
			buildSettings = {
				ALWAYS_EMBED_SWIFT_STANDARD_LIBRARIES = YES;
				CODE_SIGN_STYLE = Automatic;
				CURRENT_PROJECT_VERSION = 1;
				GENERATE_INFOPLIST_FILE = YES;
				MARKETING_VERSION = 1.0;
				PRODUCT_BUNDLE_IDENTIFIER = "example.com.Project7-100daysUITests";
				PRODUCT_NAME = "$(TARGET_NAME)";
				SWIFT_EMIT_LOC_STRINGS = NO;
				SWIFT_VERSION = 5.0;
				TARGETED_DEVICE_FAMILY = "1,2";
				TEST_TARGET_NAME = Project7_100days;
			};
			name = Release;
		};
/* End XCBuildConfiguration section */

/* Begin XCConfigurationList section */
		782104BE296E31520007B27F /* Build configuration list for PBXProject "Project7_100days" */ = {
			isa = XCConfigurationList;
			buildConfigurations = (
				782104E5296E31540007B27F /* Debug */,
				782104E6296E31540007B27F /* Release */,
			);
			defaultConfigurationIsVisible = 0;
			defaultConfigurationName = Release;
		};
		782104E7296E31540007B27F /* Build configuration list for PBXNativeTarget "Project7_100days" */ = {
			isa = XCConfigurationList;
			buildConfigurations = (
				782104E8296E31540007B27F /* Debug */,
				782104E9296E31540007B27F /* Release */,
			);
			defaultConfigurationIsVisible = 0;
			defaultConfigurationName = Release;
		};
		782104EA296E31540007B27F /* Build configuration list for PBXNativeTarget "Project7_100daysTests" */ = {
			isa = XCConfigurationList;
			buildConfigurations = (
				782104EB296E31540007B27F /* Debug */,
				782104EC296E31540007B27F /* Release */,
			);
			defaultConfigurationIsVisible = 0;
			defaultConfigurationName = Release;
		};
		782104ED296E31540007B27F /* Build configuration list for PBXNativeTarget "Project7_100daysUITests" */ = {
			isa = XCConfigurationList;
			buildConfigurations = (
				782104EE296E31540007B27F /* Debug */,
				782104EF296E31540007B27F /* Release */,
			);
			defaultConfigurationIsVisible = 0;
			defaultConfigurationName = Release;
		};
/* End XCConfigurationList section */
	};
	rootObject = 782104BB296E31520007B27F /* Project object */;
}
